
Microsoft Visual Studio Solution File, Format Version 12.00
# Visual Studio Version 16
VisualStudioVersion = 16.0.29920.165
MinimumVisualStudioVersion = 10.0.40219.1
Project("{9A19103F-16F7-4668-BE54-9A1E7A4F7556}") = "OnlineBookstore", "OnlineBookstore\OnlineBookstore.csproj", "{30EBB3ED-4ED3-49B3-B197-9CDBA7EDC75B}"
EndProject
Project("{FAE04EC0-301F-11D3-BF4B-00C04F79EFBC}") = "Model", "Model\Model.csproj", "{C8CCF21E-9DB6-408C-AF79-351F7DEE1A84}"
EndProject
Project("{FAE04EC0-301F-11D3-BF4B-00C04F79EFBC}") = "Servers", "Servers\Servers.csproj", "{27317B3C-37F3-4B9B-A67C-60245C3A3951}"
EndProject
Global
	GlobalSection(SolutionConfigurationPlatforms) = preSolution
		Debug|Any CPU = Debug|Any CPU
		Release|Any CPU = Release|Any CPU
	EndGlobalSection
	GlobalSection(ProjectConfigurationPlatforms) = postSolution
		{30EBB3ED-4ED3-49B3-B197-9CDBA7EDC75B}.Debug|Any CPU.ActiveCfg = Debug|Any CPU
		{30EBB3ED-4ED3-49B3-B197-9CDBA7EDC75B}.Debug|Any CPU.Build.0 = Debug|Any CPU
		{30EBB3ED-4ED3-49B3-B197-9CDBA7EDC75B}.Release|Any CPU.ActiveCfg = Release|Any CPU
		{30EBB3ED-4ED3-49B3-B197-9CDBA7EDC75B}.Release|Any CPU.Build.0 = Release|Any CPU
		{C8CCF21E-9DB6-408C-AF79-351F7DEE1A84}.Debug|Any CPU.ActiveCfg = Debug|Any CPU
		{C8CCF21E-9DB6-408C-AF79-351F7DEE1A84}.Debug|Any CPU.Build.0 = Debug|Any CPU
		{C8CCF21E-9DB6-408C-AF79-351F7DEE1A84}.Release|Any CPU.ActiveCfg = Release|Any CPU
		{C8CCF21E-9DB6-408C-AF79-351F7DEE1A84}.Release|Any CPU.Build.0 = Release|Any CPU
		{27317B3C-37F3-4B9B-A67C-60245C3A3951}.Debug|Any CPU.ActiveCfg = Debug|Any CPU
		{27317B3C-37F3-4B9B-A67C-60245C3A3951}.Debug|Any CPU.Build.0 = Debug|Any CPU
		{27317B3C-37F3-4B9B-A67C-60245C3A3951}.Release|Any CPU.ActiveCfg = Release|Any CPU
		{27317B3C-37F3-4B9B-A67C-60245C3A3951}.Release|Any CPU.Build.0 = Release|Any CPU
	EndGlobalSection
	GlobalSection(SolutionProperties) = preSolution
		HideSolutionNode = FALSE
	EndGlobalSection
	GlobalSection(ExtensibilityGlobals) = postSolution
		SolutionGuid = {C40D2100-8E6B-4EFD-898C-BC1EAAC922BA}
	EndGlobalSection
EndGlobal
